# This file is automatically @generated by Cargo.
# It is not intended for manual editing.
[[package]]
name = "iota"
version = "0.2.2"
source = "registry+https://github.com/rust-lang/crates.io-index"
checksum = "89e730ff45c40144e64262ee1fdb0d81984ccb854b17d370444ef111d251635f"

[[package]]
name = "monkey"
version = "0.1.0"
dependencies = [
 "iota",
]
